
Microsoft Visual Studio Solution File, Format Version 12.00
Project("{FAE04EC0-301F-11D3-BF4B-00C04F79EFBC}") = "00-Boilerplate", "00-Boilerplate\00-Boilerplate.csproj", "{448D005F-50EC-4CE5-A2A1-D6450EEDD6CD}"
EndProject
Project("{FAE04EC0-301F-11D3-BF4B-00C04F79EFBC}") = "01-Secret-Entrace", "01-Secret-Entrace\01-Secret-Entrace.csproj", "{4C345A14-E112-4438-B615-4832B8790A31}"
EndProject
Project("{FAE04EC0-301F-11D3-BF4B-00C04F79EFBC}") = "02-Gift-Shop", "02-Gift-Shop\02-Gift-Shop.csproj", "{DDD923AA-5303-4A0A-AE14-2DAB920384C0}"
EndProject
Project("{FAE04EC0-301F-11D3-BF4B-00C04F79EFBC}") = "03-Lobby", "03-Lobby\03-Lobby.csproj", "{014AD310-0E49-4949-8475-70345C52E44D}"
EndProject
Project("{FAE04EC0-301F-11D3-BF4B-00C04F79EFBC}") = "04-Printing-Department", "04-Printing-Department\04-Printing-Department.csproj", "{A1342645-FE84-44F5-B504-63F445180FF3}"
EndProject
Project("{FAE04EC0-301F-11D3-BF4B-00C04F79EFBC}") = "05-Cafetaria", "05-Cafetaria\05-Cafetaria.csproj", "{3A2C03E0-BA46-4D8B-9FE8-4C7E84128BDE}"
EndProject
Project("{FAE04EC0-301F-11D3-BF4B-00C04F79EFBC}") = "06-Trash-Compactor", "06-Trash-Compactor\06-Trash-Compactor.csproj", "{A8D038FC-09BC-4FB0-8BF1-26BAB85B7E11}"
EndProject
Project("{FAE04EC0-301F-11D3-BF4B-00C04F79EFBC}") = "Shared", "Shared\Shared.csproj", "{B2FB709B-AB95-4809-8E63-E91AAA427E2D}"
EndProject
Project("{FAE04EC0-301F-11D3-BF4B-00C04F79EFBC}") = "07-Laboratories", "07-Laboratories\07-Laboratories.csproj", "{40172EF0-554E-47BB-BB46-CE8016380235}"
EndProject
Project("{FAE04EC0-301F-11D3-BF4B-00C04F79EFBC}") = "08-Playground", "08-Playground\08-Playground.csproj", "{B0719B89-F74F-48A0-A5DB-040FC214D382}"
EndProject
Project("{FAE04EC0-301F-11D3-BF4B-00C04F79EFBC}") = "09-Movie-Theater", "09-Movie-Theater\09-Movie-Theater.csproj", "{410E2E1A-C216-4041-85A5-1FB8191A9C3A}"
EndProject
Project("{FAE04EC0-301F-11D3-BF4B-00C04F79EFBC}") = "10-Factory", "10-Factory\10-Factory.csproj", "{67C5C4EB-8107-4144-86DA-329010485EFC}"
EndProject
Global
	GlobalSection(SolutionConfigurationPlatforms) = preSolution
		Debug|Any CPU = Debug|Any CPU
		Release|Any CPU = Release|Any CPU
	EndGlobalSection
	GlobalSection(ProjectConfigurationPlatforms) = postSolution
		{448D005F-50EC-4CE5-A2A1-D6450EEDD6CD}.Debug|Any CPU.ActiveCfg = Debug|Any CPU
		{448D005F-50EC-4CE5-A2A1-D6450EEDD6CD}.Debug|Any CPU.Build.0 = Debug|Any CPU
		{448D005F-50EC-4CE5-A2A1-D6450EEDD6CD}.Release|Any CPU.ActiveCfg = Release|Any CPU
		{448D005F-50EC-4CE5-A2A1-D6450EEDD6CD}.Release|Any CPU.Build.0 = Release|Any CPU
		{4C345A14-E112-4438-B615-4832B8790A31}.Debug|Any CPU.ActiveCfg = Debug|Any CPU
		{4C345A14-E112-4438-B615-4832B8790A31}.Debug|Any CPU.Build.0 = Debug|Any CPU
		{4C345A14-E112-4438-B615-4832B8790A31}.Release|Any CPU.ActiveCfg = Release|Any CPU
		{4C345A14-E112-4438-B615-4832B8790A31}.Release|Any CPU.Build.0 = Release|Any CPU
		{DDD923AA-5303-4A0A-AE14-2DAB920384C0}.Debug|Any CPU.ActiveCfg = Debug|Any CPU
		{DDD923AA-5303-4A0A-AE14-2DAB920384C0}.Debug|Any CPU.Build.0 = Debug|Any CPU
		{DDD923AA-5303-4A0A-AE14-2DAB920384C0}.Release|Any CPU.ActiveCfg = Release|Any CPU
		{DDD923AA-5303-4A0A-AE14-2DAB920384C0}.Release|Any CPU.Build.0 = Release|Any CPU
		{014AD310-0E49-4949-8475-70345C52E44D}.Debug|Any CPU.ActiveCfg = Debug|Any CPU
		{014AD310-0E49-4949-8475-70345C52E44D}.Debug|Any CPU.Build.0 = Debug|Any CPU
		{014AD310-0E49-4949-8475-70345C52E44D}.Release|Any CPU.ActiveCfg = Release|Any CPU
		{014AD310-0E49-4949-8475-70345C52E44D}.Release|Any CPU.Build.0 = Release|Any CPU
		{A1342645-FE84-44F5-B504-63F445180FF3}.Debug|Any CPU.ActiveCfg = Debug|Any CPU
		{A1342645-FE84-44F5-B504-63F445180FF3}.Debug|Any CPU.Build.0 = Debug|Any CPU
		{A1342645-FE84-44F5-B504-63F445180FF3}.Release|Any CPU.ActiveCfg = Release|Any CPU
		{A1342645-FE84-44F5-B504-63F445180FF3}.Release|Any CPU.Build.0 = Release|Any CPU
		{3A2C03E0-BA46-4D8B-9FE8-4C7E84128BDE}.Debug|Any CPU.ActiveCfg = Debug|Any CPU
		{3A2C03E0-BA46-4D8B-9FE8-4C7E84128BDE}.Debug|Any CPU.Build.0 = Debug|Any CPU
		{3A2C03E0-BA46-4D8B-9FE8-4C7E84128BDE}.Release|Any CPU.ActiveCfg = Release|Any CPU
		{3A2C03E0-BA46-4D8B-9FE8-4C7E84128BDE}.Release|Any CPU.Build.0 = Release|Any CPU
		{A8D038FC-09BC-4FB0-8BF1-26BAB85B7E11}.Debug|Any CPU.ActiveCfg = Debug|Any CPU
		{A8D038FC-09BC-4FB0-8BF1-26BAB85B7E11}.Debug|Any CPU.Build.0 = Debug|Any CPU
		{A8D038FC-09BC-4FB0-8BF1-26BAB85B7E11}.Release|Any CPU.ActiveCfg = Release|Any CPU
		{A8D038FC-09BC-4FB0-8BF1-26BAB85B7E11}.Release|Any CPU.Build.0 = Release|Any CPU
		{B2FB709B-AB95-4809-8E63-E91AAA427E2D}.Debug|Any CPU.ActiveCfg = Debug|Any CPU
		{B2FB709B-AB95-4809-8E63-E91AAA427E2D}.Debug|Any CPU.Build.0 = Debug|Any CPU
		{B2FB709B-AB95-4809-8E63-E91AAA427E2D}.Release|Any CPU.ActiveCfg = Release|Any CPU
		{B2FB709B-AB95-4809-8E63-E91AAA427E2D}.Release|Any CPU.Build.0 = Release|Any CPU
		{40172EF0-554E-47BB-BB46-CE8016380235}.Debug|Any CPU.ActiveCfg = Debug|Any CPU
		{40172EF0-554E-47BB-BB46-CE8016380235}.Debug|Any CPU.Build.0 = Debug|Any CPU
		{40172EF0-554E-47BB-BB46-CE8016380235}.Release|Any CPU.ActiveCfg = Release|Any CPU
		{40172EF0-554E-47BB-BB46-CE8016380235}.Release|Any CPU.Build.0 = Release|Any CPU
		{B0719B89-F74F-48A0-A5DB-040FC214D382}.Debug|Any CPU.ActiveCfg = Debug|Any CPU
		{B0719B89-F74F-48A0-A5DB-040FC214D382}.Debug|Any CPU.Build.0 = Debug|Any CPU
		{B0719B89-F74F-48A0-A5DB-040FC214D382}.Release|Any CPU.ActiveCfg = Release|Any CPU
		{B0719B89-F74F-48A0-A5DB-040FC214D382}.Release|Any CPU.Build.0 = Release|Any CPU
		{410E2E1A-C216-4041-85A5-1FB8191A9C3A}.Debug|Any CPU.ActiveCfg = Debug|Any CPU
		{410E2E1A-C216-4041-85A5-1FB8191A9C3A}.Debug|Any CPU.Build.0 = Debug|Any CPU
		{410E2E1A-C216-4041-85A5-1FB8191A9C3A}.Release|Any CPU.ActiveCfg = Release|Any CPU
		{410E2E1A-C216-4041-85A5-1FB8191A9C3A}.Release|Any CPU.Build.0 = Release|Any CPU
		{67C5C4EB-8107-4144-86DA-329010485EFC}.Debug|Any CPU.ActiveCfg = Debug|Any CPU
		{67C5C4EB-8107-4144-86DA-329010485EFC}.Debug|Any CPU.Build.0 = Debug|Any CPU
		{67C5C4EB-8107-4144-86DA-329010485EFC}.Release|Any CPU.ActiveCfg = Release|Any CPU
		{67C5C4EB-8107-4144-86DA-329010485EFC}.Release|Any CPU.Build.0 = Release|Any CPU
	EndGlobalSection
EndGlobal
