
Microsoft Visual Studio Solution File, Format Version 12.00
Project("{FAE04EC0-301F-11D3-BF4B-00C04F79EFBC}") = "00-Boilerplate", "00-Boilerplate\00-Boilerplate.csproj", "{448D005F-50EC-4CE5-A2A1-D6450EEDD6CD}"
EndProject
Project("{FAE04EC0-301F-11D3-BF4B-00C04F79EFBC}") = "01-Secret-Entrace", "01-Secret-Entrace\01-Secret-Entrace.csproj", "{4C345A14-E112-4438-B615-4832B8790A31}"
EndProject
Project("{FAE04EC0-301F-11D3-BF4B-00C04F79EFBC}") = "02-Gift-Shop", "02-Gift-Shop\02-Gift-Shop.csproj", "{DDD923AA-5303-4A0A-AE14-2DAB920384C0}"
EndProject
Project("{FAE04EC0-301F-11D3-BF4B-00C04F79EFBC}") = "03-Lobby", "03-Lobby\03-Lobby.csproj", "{014AD310-0E49-4949-8475-70345C52E44D}"
EndProject
Project("{FAE04EC0-301F-11D3-BF4B-00C04F79EFBC}") = "04-Printing-Department", "04-Printing-Department\04-Printing-Department.csproj", "{A1342645-FE84-44F5-B504-63F445180FF3}"
EndProject
Project("{FAE04EC0-301F-11D3-BF4B-00C04F79EFBC}") = "05-Cafetaria", "05-Cafetaria\05-Cafetaria.csproj", "{3A2C03E0-BA46-4D8B-9FE8-4C7E84128BDE}"
EndProject
Global
	GlobalSection(SolutionConfigurationPlatforms) = preSolution
		Debug|Any CPU = Debug|Any CPU
		Release|Any CPU = Release|Any CPU
	EndGlobalSection
	GlobalSection(ProjectConfigurationPlatforms) = postSolution
		{448D005F-50EC-4CE5-A2A1-D6450EEDD6CD}.Debug|Any CPU.ActiveCfg = Debug|Any CPU
		{448D005F-50EC-4CE5-A2A1-D6450EEDD6CD}.Debug|Any CPU.Build.0 = Debug|Any CPU
		{448D005F-50EC-4CE5-A2A1-D6450EEDD6CD}.Release|Any CPU.ActiveCfg = Release|Any CPU
		{448D005F-50EC-4CE5-A2A1-D6450EEDD6CD}.Release|Any CPU.Build.0 = Release|Any CPU
		{4C345A14-E112-4438-B615-4832B8790A31}.Debug|Any CPU.ActiveCfg = Debug|Any CPU
		{4C345A14-E112-4438-B615-4832B8790A31}.Debug|Any CPU.Build.0 = Debug|Any CPU
		{4C345A14-E112-4438-B615-4832B8790A31}.Release|Any CPU.ActiveCfg = Release|Any CPU
		{4C345A14-E112-4438-B615-4832B8790A31}.Release|Any CPU.Build.0 = Release|Any CPU
		{DDD923AA-5303-4A0A-AE14-2DAB920384C0}.Debug|Any CPU.ActiveCfg = Debug|Any CPU
		{DDD923AA-5303-4A0A-AE14-2DAB920384C0}.Debug|Any CPU.Build.0 = Debug|Any CPU
		{DDD923AA-5303-4A0A-AE14-2DAB920384C0}.Release|Any CPU.ActiveCfg = Release|Any CPU
		{DDD923AA-5303-4A0A-AE14-2DAB920384C0}.Release|Any CPU.Build.0 = Release|Any CPU
		{014AD310-0E49-4949-8475-70345C52E44D}.Debug|Any CPU.ActiveCfg = Debug|Any CPU
		{014AD310-0E49-4949-8475-70345C52E44D}.Debug|Any CPU.Build.0 = Debug|Any CPU
		{014AD310-0E49-4949-8475-70345C52E44D}.Release|Any CPU.ActiveCfg = Release|Any CPU
		{014AD310-0E49-4949-8475-70345C52E44D}.Release|Any CPU.Build.0 = Release|Any CPU
		{A1342645-FE84-44F5-B504-63F445180FF3}.Debug|Any CPU.ActiveCfg = Debug|Any CPU
		{A1342645-FE84-44F5-B504-63F445180FF3}.Debug|Any CPU.Build.0 = Debug|Any CPU
		{A1342645-FE84-44F5-B504-63F445180FF3}.Release|Any CPU.ActiveCfg = Release|Any CPU
		{A1342645-FE84-44F5-B504-63F445180FF3}.Release|Any CPU.Build.0 = Release|Any CPU
		{3A2C03E0-BA46-4D8B-9FE8-4C7E84128BDE}.Debug|Any CPU.ActiveCfg = Debug|Any CPU
		{3A2C03E0-BA46-4D8B-9FE8-4C7E84128BDE}.Debug|Any CPU.Build.0 = Debug|Any CPU
		{3A2C03E0-BA46-4D8B-9FE8-4C7E84128BDE}.Release|Any CPU.ActiveCfg = Release|Any CPU
		{3A2C03E0-BA46-4D8B-9FE8-4C7E84128BDE}.Release|Any CPU.Build.0 = Release|Any CPU
	EndGlobalSection
EndGlobal
